// !$*UTF8*$!
{
	archiveVersion = 1;
	classes = {
	};
	objectVersion = 56;
	objects = {

/* Begin PBXBuildFile section */
		283B1DBC2C4E87A70025454F /* RealityKitContent in Frameworks */ = {isa = PBXBuildFile; productRef = 283B1DBB2C4E87A70025454F /* RealityKitContent */; };
		283B1DBE2C4E87A70025454F /* MyFirstAPPApp.swift in Sources */ = {isa = PBXBuildFile; fileRef = 283B1DBD2C4E87A70025454F /* MyFirstAPPApp.swift */; };
		283B1DC02C4E87A70025454F /* ContentView.swift in Sources */ = {isa = PBXBuildFile; fileRef = 283B1DBF2C4E87A70025454F /* ContentView.swift */; };
		283B1DC22C4E87A80025454F /* Assets.xcassets in Resources */ = {isa = PBXBuildFile; fileRef = 283B1DC12C4E87A80025454F /* Assets.xcassets */; };
		283B1DC52C4E87A80025454F /* Preview Assets.xcassets in Resources */ = {isa = PBXBuildFile; fileRef = 283B1DC42C4E87A80025454F /* Preview Assets.xcassets */; };
		283B1DD02C4E87A80025454F /* MyFirstAPPTests.swift in Sources */ = {isa = PBXBuildFile; fileRef = 283B1DCF2C4E87A80025454F /* MyFirstAPPTests.swift */; };
		283B1DDC2C4ED6230025454F /* SphereView.swift in Sources */ = {isa = PBXBuildFile; fileRef = 283B1DDB2C4ED6230025454F /* SphereView.swift */; };
/* End PBXBuildFile section */

/* Begin PBXContainerItemProxy section */
		283B1DCC2C4E87A80025454F /* PBXContainerItemProxy */ = {
			isa = PBXContainerItemProxy;
			containerPortal = 283B1DAE2C4E87A70025454F /* Project object */;
			proxyType = 1;
			remoteGlobalIDString = 283B1DB52C4E87A70025454F;
			remoteInfo = MyFirstAPP;
		};
/* End PBXContainerItemProxy section */

/* Begin PBXFileReference section */
		283B1DB62C4E87A70025454F /* MyFirstAPP.app */ = {isa = PBXFileReference; explicitFileType = wrapper.application; includeInIndex = 0; path = MyFirstAPP.app; sourceTree = BUILT_PRODUCTS_DIR; };
		283B1DBA2C4E87A70025454F /* RealityKitContent */ = {isa = PBXFileReference; lastKnownFileType = wrapper; path = RealityKitContent; sourceTree = "<group>"; };
		283B1DBD2C4E87A70025454F /* MyFirstAPPApp.swift */ = {isa = PBXFileReference; lastKnownFileType = sourcecode.swift; path = MyFirstAPPApp.swift; sourceTree = "<group>"; };
		283B1DBF2C4E87A70025454F /* ContentView.swift */ = {isa = PBXFileReference; lastKnownFileType = sourcecode.swift; path = ContentView.swift; sourceTree = "<group>"; };
		283B1DC12C4E87A80025454F /* Assets.xcassets */ = {isa = PBXFileReference; lastKnownFileType = folder.assetcatalog; path = Assets.xcassets; sourceTree = "<group>"; };
		283B1DC42C4E87A80025454F /* Preview Assets.xcassets */ = {isa = PBXFileReference; lastKnownFileType = folder.assetcatalog; path = "Preview Assets.xcassets"; sourceTree = "<group>"; };
		283B1DC62C4E87A80025454F /* Info.plist */ = {isa = PBXFileReference; lastKnownFileType = text.plist.xml; path = Info.plist; sourceTree = "<group>"; };
		283B1DCB2C4E87A80025454F /* MyFirstAPPTests.xctest */ = {isa = PBXFileReference; explicitFileType = wrapper.cfbundle; includeInIndex = 0; path = MyFirstAPPTests.xctest; sourceTree = BUILT_PRODUCTS_DIR; };
		283B1DCF2C4E87A80025454F /* MyFirstAPPTests.swift */ = {isa = PBXFileReference; lastKnownFileType = sourcecode.swift; path = MyFirstAPPTests.swift; sourceTree = "<group>"; };
		283B1DDB2C4ED6230025454F /* SphereView.swift */ = {isa = PBXFileReference; lastKnownFileType = sourcecode.swift; path = SphereView.swift; sourceTree = "<group>"; };
/* End PBXFileReference section */

/* Begin PBXFrameworksBuildPhase section */
		283B1DB32C4E87A70025454F /* Frameworks */ = {
			isa = PBXFrameworksBuildPhase;
			buildActionMask = 2147483647;
			files = (
				283B1DBC2C4E87A70025454F /* RealityKitContent in Frameworks */,
			);
			runOnlyForDeploymentPostprocessing = 0;
		};
		283B1DC82C4E87A80025454F /* Frameworks */ = {
			isa = PBXFrameworksBuildPhase;
			buildActionMask = 2147483647;
			files = (
			);
			runOnlyForDeploymentPostprocessing = 0;
		};
/* End PBXFrameworksBuildPhase section */

/* Begin PBXGroup section */
		283B1DAD2C4E87A70025454F = {
			isa = PBXGroup;
			children = (
				283B1DB82C4E87A70025454F /* MyFirstAPP */,
				283B1DB92C4E87A70025454F /* Packages */,
				283B1DCE2C4E87A80025454F /* MyFirstAPPTests */,
				283B1DB72C4E87A70025454F /* Products */,
			);
			sourceTree = "<group>";
		};
		283B1DB72C4E87A70025454F /* Products */ = {
			isa = PBXGroup;
			children = (
				283B1DB62C4E87A70025454F /* MyFirstAPP.app */,
				283B1DCB2C4E87A80025454F /* MyFirstAPPTests.xctest */,
			);
			name = Products;
			sourceTree = "<group>";
		};
		283B1DB82C4E87A70025454F /* MyFirstAPP */ = {
			isa = PBXGroup;
			children = (
				283B1DBD2C4E87A70025454F /* MyFirstAPPApp.swift */,
				283B1DBF2C4E87A70025454F /* ContentView.swift */,
				283B1DC12C4E87A80025454F /* Assets.xcassets */,
				283B1DC62C4E87A80025454F /* Info.plist */,
				283B1DC32C4E87A80025454F /* Preview Content */,
				283B1DDB2C4ED6230025454F /* SphereView.swift */,
			);
			path = MyFirstAPP;
			sourceTree = "<group>";
		};
		283B1DB92C4E87A70025454F /* Packages */ = {
			isa = PBXGroup;
			children = (
				283B1DBA2C4E87A70025454F /* RealityKitContent */,
			);
			path = Packages;
			sourceTree = "<group>";
		};
		283B1DC32C4E87A80025454F /* Preview Content */ = {
			isa = PBXGroup;
			children = (
				283B1DC42C4E87A80025454F /* Preview Assets.xcassets */,
			);
			path = "Preview Content";
			sourceTree = "<group>";
		};
		283B1DCE2C4E87A80025454F /* MyFirstAPPTests */ = {
			isa = PBXGroup;
			children = (
				283B1DCF2C4E87A80025454F /* MyFirstAPPTests.swift */,
			);
			path = MyFirstAPPTests;
			sourceTree = "<group>";
		};
/* End PBXGroup section */

/* Begin PBXNativeTarget section */
		283B1DB52C4E87A70025454F /* MyFirstAPP */ = {
			isa = PBXNativeTarget;
			buildConfigurationList = 283B1DD32C4E87A80025454F /* Build configuration list for PBXNativeTarget "MyFirstAPP" */;
			buildPhases = (
				283B1DB22C4E87A70025454F /* Sources */,
				283B1DB32C4E87A70025454F /* Frameworks */,
				283B1DB42C4E87A70025454F /* Resources */,
			);
			buildRules = (
			);
			dependencies = (
			);
			name = MyFirstAPP;
			packageProductDependencies = (
				283B1DBB2C4E87A70025454F /* RealityKitContent */,
			);
			productName = MyFirstAPP;
			productReference = 283B1DB62C4E87A70025454F /* MyFirstAPP.app */;
			productType = "com.apple.product-type.application";
		};
		283B1DCA2C4E87A80025454F /* MyFirstAPPTests */ = {
			isa = PBXNativeTarget;
			buildConfigurationList = 283B1DD62C4E87A80025454F /* Build configuration list for PBXNativeTarget "MyFirstAPPTests" */;
			buildPhases = (
				283B1DC72C4E87A80025454F /* Sources */,
				283B1DC82C4E87A80025454F /* Frameworks */,
				283B1DC92C4E87A80025454F /* Resources */,
			);
			buildRules = (
			);
			dependencies = (
				283B1DCD2C4E87A80025454F /* PBXTargetDependency */,
			);
			name = MyFirstAPPTests;
			productName = MyFirstAPPTests;
			productReference = 283B1DCB2C4E87A80025454F /* MyFirstAPPTests.xctest */;
			productType = "com.apple.product-type.bundle.unit-test";
		};
/* End PBXNativeTarget section */

/* Begin PBXProject section */
		283B1DAE2C4E87A70025454F /* Project object */ = {
			isa = PBXProject;
			attributes = {
				BuildIndependentTargetsInParallel = 1;
				LastSwiftUpdateCheck = 1540;
				LastUpgradeCheck = 1540;
				TargetAttributes = {
					283B1DB52C4E87A70025454F = {
						CreatedOnToolsVersion = 15.4;
					};
					283B1DCA2C4E87A80025454F = {
						CreatedOnToolsVersion = 15.4;
						TestTargetID = 283B1DB52C4E87A70025454F;
					};
				};
			};
			buildConfigurationList = 283B1DB12C4E87A70025454F /* Build configuration list for PBXProject "MyFirstAPP" */;
			compatibilityVersion = "Xcode 14.0";
			developmentRegion = en;
			hasScannedForEncodings = 0;
			knownRegions = (
				en,
				Base,
			);
			mainGroup = 283B1DAD2C4E87A70025454F;
			productRefGroup = 283B1DB72C4E87A70025454F /* Products */;
			projectDirPath = "";
			projectRoot = "";
			targets = (
				283B1DB52C4E87A70025454F /* MyFirstAPP */,
				283B1DCA2C4E87A80025454F /* MyFirstAPPTests */,
			);
		};
/* End PBXProject section */

/* Begin PBXResourcesBuildPhase section */
		283B1DB42C4E87A70025454F /* Resources */ = {
			isa = PBXResourcesBuildPhase;
			buildActionMask = 2147483647;
			files = (
				283B1DC52C4E87A80025454F /* Preview Assets.xcassets in Resources */,
				283B1DC22C4E87A80025454F /* Assets.xcassets in Resources */,
			);
			runOnlyForDeploymentPostprocessing = 0;
		};
		283B1DC92C4E87A80025454F /* Resources */ = {
			isa = PBXResourcesBuildPhase;
			buildActionMask = 2147483647;
			files = (
			);
			runOnlyForDeploymentPostprocessing = 0;
		};
/* End PBXResourcesBuildPhase section */

/* Begin PBXSourcesBuildPhase section */
		283B1DB22C4E87A70025454F /* Sources */ = {
			isa = PBXSourcesBuildPhase;
			buildActionMask = 2147483647;
			files = (
				283B1DDC2C4ED6230025454F /* SphereView.swift in Sources */,
				283B1DC02C4E87A70025454F /* ContentView.swift in Sources */,
				283B1DBE2C4E87A70025454F /* MyFirstAPPApp.swift in Sources */,
			);
			runOnlyForDeploymentPostprocessing = 0;
		};
		283B1DC72C4E87A80025454F /* Sources */ = {
			isa = PBXSourcesBuildPhase;
			buildActionMask = 2147483647;
			files = (
				283B1DD02C4E87A80025454F /* MyFirstAPPTests.swift in Sources */,
			);
			runOnlyForDeploymentPostprocessing = 0;
		};
/* End PBXSourcesBuildPhase section */

/* Begin PBXTargetDependency section */
		283B1DCD2C4E87A80025454F /* PBXTargetDependency */ = {
			isa = PBXTargetDependency;
			target = 283B1DB52C4E87A70025454F /* MyFirstAPP */;
			targetProxy = 283B1DCC2C4E87A80025454F /* PBXContainerItemProxy */;
		};
/* End PBXTargetDependency section */

/* Begin XCBuildConfiguration section */
		283B1DD12C4E87A80025454F /* Debug */ = {
			isa = XCBuildConfiguration;
			buildSettings = {
				ALWAYS_SEARCH_USER_PATHS = NO;
				ASSETCATALOG_COMPILER_GENERATE_SWIFT_ASSET_SYMBOL_EXTENSIONS = YES;
				CLANG_ANALYZER_NONNULL = YES;
				CLANG_ANALYZER_NUMBER_OBJECT_CONVERSION = YES_AGGRESSIVE;
				CLANG_CXX_LANGUAGE_STANDARD = "gnu++20";
				CLANG_ENABLE_MODULES = YES;
				CLANG_ENABLE_OBJC_ARC = YES;
				CLANG_ENABLE_OBJC_WEAK = YES;
				CLANG_WARN_BLOCK_CAPTURE_AUTORELEASING = YES;
				CLANG_WARN_BOOL_CONVERSION = YES;
				CLANG_WARN_COMMA = YES;
				CLANG_WARN_CONSTANT_CONVERSION = YES;
				CLANG_WARN_DEPRECATED_OBJC_IMPLEMENTATIONS = YES;
				CLANG_WARN_DIRECT_OBJC_ISA_USAGE = YES_ERROR;
				CLANG_WARN_DOCUMENTATION_COMMENTS = YES;
				CLANG_WARN_EMPTY_BODY = YES;
				CLANG_WARN_ENUM_CONVERSION = YES;
				CLANG_WARN_INFINITE_RECURSION = YES;
				CLANG_WARN_INT_CONVERSION = YES;
				CLANG_WARN_NON_LITERAL_NULL_CONVERSION = YES;
				CLANG_WARN_OBJC_IMPLICIT_RETAIN_SELF = YES;
				CLANG_WARN_OBJC_LITERAL_CONVERSION = YES;
				CLANG_WARN_OBJC_ROOT_CLASS = YES_ERROR;
				CLANG_WARN_QUOTED_INCLUDE_IN_FRAMEWORK_HEADER = YES;
				CLANG_WARN_RANGE_LOOP_ANALYSIS = YES;
				CLANG_WARN_STRICT_PROTOTYPES = YES;
				CLANG_WARN_SUSPICIOUS_MOVE = YES;
				CLANG_WARN_UNGUARDED_AVAILABILITY = YES_AGGRESSIVE;
				CLANG_WARN_UNREACHABLE_CODE = YES;
				CLANG_WARN__DUPLICATE_METHOD_MATCH = YES;
				COPY_PHASE_STRIP = NO;
				DEBUG_INFORMATION_FORMAT = dwarf;
				ENABLE_STRICT_OBJC_MSGSEND = YES;
				ENABLE_TESTABILITY = YES;
				ENABLE_USER_SCRIPT_SANDBOXING = YES;
				GCC_C_LANGUAGE_STANDARD = gnu17;
				GCC_DYNAMIC_NO_PIC = NO;
				GCC_NO_COMMON_BLOCKS = YES;
				GCC_OPTIMIZATION_LEVEL = 0;
				GCC_PREPROCESSOR_DEFINITIONS = (
					"DEBUG=1",
					"$(inherited)",
				);
				GCC_WARN_64_TO_32_BIT_CONVERSION = YES;
				GCC_WARN_ABOUT_RETURN_TYPE = YES_ERROR;
				GCC_WARN_UNDECLARED_SELECTOR = YES;
				GCC_WARN_UNINITIALIZED_AUTOS = YES_AGGRESSIVE;
				GCC_WARN_UNUSED_FUNCTION = YES;
				GCC_WARN_UNUSED_VARIABLE = YES;
				LOCALIZATION_PREFERS_STRING_CATALOGS = YES;
				MTL_ENABLE_DEBUG_INFO = INCLUDE_SOURCE;
				MTL_FAST_MATH = YES;
				ONLY_ACTIVE_ARCH = YES;
				SDKROOT = xros;
				SWIFT_ACTIVE_COMPILATION_CONDITIONS = "DEBUG $(inherited)";
				SWIFT_OPTIMIZATION_LEVEL = "-Onone";
				XROS_DEPLOYMENT_TARGET = 1.2;
			};
			name = Debug;
		};
		283B1DD22C4E87A80025454F /* Release */ = {
			isa = XCBuildConfiguration;
			buildSettings = {
				ALWAYS_SEARCH_USER_PATHS = NO;
				ASSETCATALOG_COMPILER_GENERATE_SWIFT_ASSET_SYMBOL_EXTENSIONS = YES;
				CLANG_ANALYZER_NONNULL = YES;
				CLANG_ANALYZER_NUMBER_OBJECT_CONVERSION = YES_AGGRESSIVE;
				CLANG_CXX_LANGUAGE_STANDARD = "gnu++20";
				CLANG_ENABLE_MODULES = YES;
				CLANG_ENABLE_OBJC_ARC = YES;
				CLANG_ENABLE_OBJC_WEAK = YES;
				CLANG_WARN_BLOCK_CAPTURE_AUTORELEASING = YES;
				CLANG_WARN_BOOL_CONVERSION = YES;
				CLANG_WARN_COMMA = YES;
				CLANG_WARN_CONSTANT_CONVERSION = YES;
				CLANG_WARN_DEPRECATED_OBJC_IMPLEMENTATIONS = YES;
				CLANG_WARN_DIRECT_OBJC_ISA_USAGE = YES_ERROR;
				CLANG_WARN_DOCUMENTATION_COMMENTS = YES;
				CLANG_WARN_EMPTY_BODY = YES;
				CLANG_WARN_ENUM_CONVERSION = YES;
				CLANG_WARN_INFINITE_RECURSION = YES;
				CLANG_WARN_INT_CONVERSION = YES;
				CLANG_WARN_NON_LITERAL_NULL_CONVERSION = YES;
				CLANG_WARN_OBJC_IMPLICIT_RETAIN_SELF = YES;
				CLANG_WARN_OBJC_LITERAL_CONVERSION = YES;
				CLANG_WARN_OBJC_ROOT_CLASS = YES_ERROR;
				CLANG_WARN_QUOTED_INCLUDE_IN_FRAMEWORK_HEADER = YES;
				CLANG_WARN_RANGE_LOOP_ANALYSIS = YES;
				CLANG_WARN_STRICT_PROTOTYPES = YES;
				CLANG_WARN_SUSPICIOUS_MOVE = YES;
				CLANG_WARN_UNGUARDED_AVAILABILITY = YES_AGGRESSIVE;
				CLANG_WARN_UNREACHABLE_CODE = YES;
				CLANG_WARN__DUPLICATE_METHOD_MATCH = YES;
				COPY_PHASE_STRIP = NO;
				DEBUG_INFORMATION_FORMAT = "dwarf-with-dsym";
				ENABLE_NS_ASSERTIONS = NO;
				ENABLE_STRICT_OBJC_MSGSEND = YES;
				ENABLE_USER_SCRIPT_SANDBOXING = YES;
				GCC_C_LANGUAGE_STANDARD = gnu17;
				GCC_NO_COMMON_BLOCKS = YES;
				GCC_WARN_64_TO_32_BIT_CONVERSION = YES;
				GCC_WARN_ABOUT_RETURN_TYPE = YES_ERROR;
				GCC_WARN_UNDECLARED_SELECTOR = YES;
				GCC_WARN_UNINITIALIZED_AUTOS = YES_AGGRESSIVE;
				GCC_WARN_UNUSED_FUNCTION = YES;
				GCC_WARN_UNUSED_VARIABLE = YES;
				LOCALIZATION_PREFERS_STRING_CATALOGS = YES;
				MTL_ENABLE_DEBUG_INFO = NO;
				MTL_FAST_MATH = YES;
				SDKROOT = xros;
				SWIFT_COMPILATION_MODE = wholemodule;
				VALIDATE_PRODUCT = YES;
				XROS_DEPLOYMENT_TARGET = 1.2;
			};
			name = Release;
		};
		283B1DD42C4E87A80025454F /* Debug */ = {
			isa = XCBuildConfiguration;
			buildSettings = {
				ASSETCATALOG_COMPILER_APPICON_NAME = AppIcon;
				ASSETCATALOG_COMPILER_GLOBAL_ACCENT_COLOR_NAME = AccentColor;
				CODE_SIGN_STYLE = Automatic;
				CURRENT_PROJECT_VERSION = 1;
				DEVELOPMENT_ASSET_PATHS = "\"MyFirstAPP/Preview Content\"";
				ENABLE_PREVIEWS = YES;
				GENERATE_INFOPLIST_FILE = YES;
				INFOPLIST_FILE = "$(TARGET_NAME)/Info.plist";
				LD_RUNPATH_SEARCH_PATHS = (
					"$(inherited)",
					"@executable_path/Frameworks",
				);
				MARKETING_VERSION = 1.0;
				PRODUCT_BUNDLE_IDENTIFIER = "com.example.apple-samplecode.MyFirstAPP";
				PRODUCT_NAME = "$(TARGET_NAME)";
				SUPPORTED_PLATFORMS = "xros xrsimulator";
				SWIFT_EMIT_LOC_STRINGS = YES;
				SWIFT_VERSION = 5.0;
				TARGETED_DEVICE_FAMILY = "1,2,7";
			};
			name = Debug;
		};
		283B1DD52C4E87A80025454F /* Release */ = {
			isa = XCBuildConfiguration;
			buildSettings = {
				ASSETCATALOG_COMPILER_APPICON_NAME = AppIcon;
				ASSETCATALOG_COMPILER_GLOBAL_ACCENT_COLOR_NAME = AccentColor;
				CODE_SIGN_STYLE = Automatic;
				CURRENT_PROJECT_VERSION = 1;
				DEVELOPMENT_ASSET_PATHS = "\"MyFirstAPP/Preview Content\"";
				ENABLE_PREVIEWS = YES;
				GENERATE_INFOPLIST_FILE = YES;
				INFOPLIST_FILE = "$(TARGET_NAME)/Info.plist";
				LD_RUNPATH_SEARCH_PATHS = (
					"$(inherited)",
					"@executable_path/Frameworks",
				);
				MARKETING_VERSION = 1.0;
				PRODUCT_BUNDLE_IDENTIFIER = "com.example.apple-samplecode.MyFirstAPP";
				PRODUCT_NAME = "$(TARGET_NAME)";
				SUPPORTED_PLATFORMS = "xros xrsimulator";
				SWIFT_EMIT_LOC_STRINGS = YES;
				SWIFT_VERSION = 5.0;
				TARGETED_DEVICE_FAMILY = "1,2,7";
			};
			name = Release;
		};
		283B1DD72C4E87A80025454F /* Debug */ = {
			isa = XCBuildConfiguration;
			buildSettings = {
				ALWAYS_EMBED_SWIFT_STANDARD_LIBRARIES = YES;
				BUNDLE_LOADER = "$(TEST_HOST)";
				CODE_SIGN_STYLE = Automatic;
				CURRENT_PROJECT_VERSION = 1;
				GENERATE_INFOPLIST_FILE = YES;
				MARKETING_VERSION = 1.0;
				PRODUCT_BUNDLE_IDENTIFIER = "com.example.apple-samplecode.MyFirstAPPTests";
				PRODUCT_NAME = "$(TARGET_NAME)";
				SUPPORTED_PLATFORMS = "xros xrsimulator";
				SWIFT_EMIT_LOC_STRINGS = NO;
				SWIFT_VERSION = 5.0;
				TARGETED_DEVICE_FAMILY = "1,2,7";
				TEST_HOST = "$(BUILT_PRODUCTS_DIR)/MyFirstAPP.app/$(BUNDLE_EXECUTABLE_FOLDER_PATH)/MyFirstAPP";
				XROS_DEPLOYMENT_TARGET = 1.2;
			};
			name = Debug;
		};
		283B1DD82C4E87A80025454F /* Release */ = {
			isa = XCBuildConfiguration;
			buildSettings = {
				ALWAYS_EMBED_SWIFT_STANDARD_LIBRARIES = YES;
				BUNDLE_LOADER = "$(TEST_HOST)";
				CODE_SIGN_STYLE = Automatic;
				CURRENT_PROJECT_VERSION = 1;
				GENERATE_INFOPLIST_FILE = YES;
				MARKETING_VERSION = 1.0;
				PRODUCT_BUNDLE_IDENTIFIER = "com.example.apple-samplecode.MyFirstAPPTests";
				PRODUCT_NAME = "$(TARGET_NAME)";
				SUPPORTED_PLATFORMS = "xros xrsimulator";
				SWIFT_EMIT_LOC_STRINGS = NO;
				SWIFT_VERSION = 5.0;
				TARGETED_DEVICE_FAMILY = "1,2,7";
				TEST_HOST = "$(BUILT_PRODUCTS_DIR)/MyFirstAPP.app/$(BUNDLE_EXECUTABLE_FOLDER_PATH)/MyFirstAPP";
				XROS_DEPLOYMENT_TARGET = 1.2;
			};
			name = Release;
		};
/* End XCBuildConfiguration section */

/* Begin XCConfigurationList section */
		283B1DB12C4E87A70025454F /* Build configuration list for PBXProject "MyFirstAPP" */ = {
			isa = XCConfigurationList;
			buildConfigurations = (
				283B1DD12C4E87A80025454F /* Debug */,
				283B1DD22C4E87A80025454F /* Release */,
			);
			defaultConfigurationIsVisible = 0;
			defaultConfigurationName = Release;
		};
		283B1DD32C4E87A80025454F /* Build configuration list for PBXNativeTarget "MyFirstAPP" */ = {
			isa = XCConfigurationList;
			buildConfigurations = (
				283B1DD42C4E87A80025454F /* Debug */,
				283B1DD52C4E87A80025454F /* Release */,
			);
			defaultConfigurationIsVisible = 0;
			defaultConfigurationName = Release;
		};
		283B1DD62C4E87A80025454F /* Build configuration list for PBXNativeTarget "MyFirstAPPTests" */ = {
			isa = XCConfigurationList;
			buildConfigurations = (
				283B1DD72C4E87A80025454F /* Debug */,
				283B1DD82C4E87A80025454F /* Release */,
			);
			defaultConfigurationIsVisible = 0;
			defaultConfigurationName = Release;
		};
/* End XCConfigurationList section */

/* Begin XCSwiftPackageProductDependency section */
		283B1DBB2C4E87A70025454F /* RealityKitContent */ = {
			isa = XCSwiftPackageProductDependency;
			productName = RealityKitContent;
		};
/* End XCSwiftPackageProductDependency section */
	};
	rootObject = 283B1DAE2C4E87A70025454F /* Project object */;
}
